
Microsoft Visual Studio Solution File, Format Version 12.00
# Visual Studio Version 17
VisualStudioVersion = 17.5.33516.290
MinimumVisualStudioVersion = 10.0.40219.1
Project("{9A19103F-16F7-4668-BE54-9A1E7A4F7556}") = "ReactValidation", "ReactValidation\ReactValidation.csproj", "{F1FE7512-8BF9-4AF1-8739-FFCB3A616AF9}"
EndProject
Project("{FAE04EC0-301F-11D3-BF4B-00C04F79EFBC}") = "AngularValidation", "AngularValidation\AngularValidation.csproj", "{EBCCCE77-2B05-480C-8FDA-C2EC4CD9B633}"
EndProject
Project("{FAE04EC0-301F-11D3-BF4B-00C04F79EFBC}") = "JaqueryValidation", "JaqueryValidation\JaqueryValidation.csproj", "{1922F59A-7F54-4993-A0A7-348A4668B48B}"
EndProject
Global
	GlobalSection(SolutionConfigurationPlatforms) = preSolution
		Debug|Any CPU = Debug|Any CPU
		Release|Any CPU = Release|Any CPU
	EndGlobalSection
	GlobalSection(ProjectConfigurationPlatforms) = postSolution
		{F1FE7512-8BF9-4AF1-8739-FFCB3A616AF9}.Debug|Any CPU.ActiveCfg = Debug|Any CPU
		{F1FE7512-8BF9-4AF1-8739-FFCB3A616AF9}.Debug|Any CPU.Build.0 = Debug|Any CPU
		{F1FE7512-8BF9-4AF1-8739-FFCB3A616AF9}.Release|Any CPU.ActiveCfg = Release|Any CPU
		{F1FE7512-8BF9-4AF1-8739-FFCB3A616AF9}.Release|Any CPU.Build.0 = Release|Any CPU
		{EBCCCE77-2B05-480C-8FDA-C2EC4CD9B633}.Debug|Any CPU.ActiveCfg = Debug|Any CPU
		{EBCCCE77-2B05-480C-8FDA-C2EC4CD9B633}.Debug|Any CPU.Build.0 = Debug|Any CPU
		{EBCCCE77-2B05-480C-8FDA-C2EC4CD9B633}.Release|Any CPU.ActiveCfg = Release|Any CPU
		{EBCCCE77-2B05-480C-8FDA-C2EC4CD9B633}.Release|Any CPU.Build.0 = Release|Any CPU
		{1922F59A-7F54-4993-A0A7-348A4668B48B}.Debug|Any CPU.ActiveCfg = Debug|Any CPU
		{1922F59A-7F54-4993-A0A7-348A4668B48B}.Debug|Any CPU.Build.0 = Debug|Any CPU
		{1922F59A-7F54-4993-A0A7-348A4668B48B}.Release|Any CPU.ActiveCfg = Release|Any CPU
		{1922F59A-7F54-4993-A0A7-348A4668B48B}.Release|Any CPU.Build.0 = Release|Any CPU
	EndGlobalSection
	GlobalSection(SolutionProperties) = preSolution
		HideSolutionNode = FALSE
	EndGlobalSection
	GlobalSection(ExtensibilityGlobals) = postSolution
		SolutionGuid = {914C17DE-D32F-4A62-914F-9814EE44906E}
	EndGlobalSection
EndGlobal
