
Microsoft Visual Studio Solution File, Format Version 12.00
# Visual Studio Version 17
VisualStudioVersion = 17.5.33530.505
MinimumVisualStudioVersion = 10.0.40219.1
Project("{9A19103F-16F7-4668-BE54-9A1E7A4F7556}") = "Question1", "Question1.csproj", "{14412639-56E9-498D-A62E-900D6B7E72F6}"
EndProject
Global
	GlobalSection(SolutionConfigurationPlatforms) = preSolution
		Debug|Any CPU = Debug|Any CPU
		Release|Any CPU = Release|Any CPU
	EndGlobalSection
	GlobalSection(ProjectConfigurationPlatforms) = postSolution
		{14412639-56E9-498D-A62E-900D6B7E72F6}.Debug|Any CPU.ActiveCfg = Debug|Any CPU
		{14412639-56E9-498D-A62E-900D6B7E72F6}.Debug|Any CPU.Build.0 = Debug|Any CPU
		{14412639-56E9-498D-A62E-900D6B7E72F6}.Release|Any CPU.ActiveCfg = Release|Any CPU
		{14412639-56E9-498D-A62E-900D6B7E72F6}.Release|Any CPU.Build.0 = Release|Any CPU
	EndGlobalSection
	GlobalSection(SolutionProperties) = preSolution
		HideSolutionNode = FALSE
	EndGlobalSection
	GlobalSection(ExtensibilityGlobals) = postSolution
		SolutionGuid = {0AD2042E-80CE-4577-BDA7-65C5FE118C85}
	EndGlobalSection
EndGlobal
