
Microsoft Visual Studio Solution File, Format Version 12.00
# Visual Studio Version 17
VisualStudioVersion = 17.5.33516.290
MinimumVisualStudioVersion = 10.0.40219.1
Project("{FAE04EC0-301F-11D3-BF4B-00C04F79EFBC}") = "StateManagement", "StateManagement.csproj", "{99292857-D440-4D28-8236-739A92D4537F}"
EndProject
Global
	GlobalSection(SolutionConfigurationPlatforms) = preSolution
		Debug|Any CPU = Debug|Any CPU
		Release|Any CPU = Release|Any CPU
	EndGlobalSection
	GlobalSection(ProjectConfigurationPlatforms) = postSolution
		{99292857-D440-4D28-8236-739A92D4537F}.Debug|Any CPU.ActiveCfg = Debug|Any CPU
		{99292857-D440-4D28-8236-739A92D4537F}.Debug|Any CPU.Build.0 = Debug|Any CPU
		{99292857-D440-4D28-8236-739A92D4537F}.Release|Any CPU.ActiveCfg = Release|Any CPU
		{99292857-D440-4D28-8236-739A92D4537F}.Release|Any CPU.Build.0 = Release|Any CPU
	EndGlobalSection
	GlobalSection(SolutionProperties) = preSolution
		HideSolutionNode = FALSE
	EndGlobalSection
	GlobalSection(ExtensibilityGlobals) = postSolution
		SolutionGuid = {7BB8C21C-C64D-4057-A8FC-107679E5BB53}
	EndGlobalSection
EndGlobal
