
Microsoft Visual Studio Solution File, Format Version 12.00
# Visual Studio Version 17
VisualStudioVersion = 17.5.33530.505
MinimumVisualStudioVersion = 10.0.40219.1
Project("{FAE04EC0-301F-11D3-BF4B-00C04F79EFBC}") = "ASP.NETwithReactClientSideValidation", "ASP.NETwithReactClientSideValidation.csproj", "{B24D30AA-ECF1-4E75-954C-913CF4A8131E}"
EndProject
Global
	GlobalSection(SolutionConfigurationPlatforms) = preSolution
		Debug|Any CPU = Debug|Any CPU
		Release|Any CPU = Release|Any CPU
	EndGlobalSection
	GlobalSection(ProjectConfigurationPlatforms) = postSolution
		{B24D30AA-ECF1-4E75-954C-913CF4A8131E}.Debug|Any CPU.ActiveCfg = Debug|Any CPU
		{B24D30AA-ECF1-4E75-954C-913CF4A8131E}.Debug|Any CPU.Build.0 = Debug|Any CPU
		{B24D30AA-ECF1-4E75-954C-913CF4A8131E}.Release|Any CPU.ActiveCfg = Release|Any CPU
		{B24D30AA-ECF1-4E75-954C-913CF4A8131E}.Release|Any CPU.Build.0 = Release|Any CPU
	EndGlobalSection
	GlobalSection(SolutionProperties) = preSolution
		HideSolutionNode = FALSE
	EndGlobalSection
	GlobalSection(ExtensibilityGlobals) = postSolution
		SolutionGuid = {D842ADA4-F57F-4AD0-83A4-BAAA0681AF37}
	EndGlobalSection
EndGlobal
